
Microsoft Visual Studio Solution File, Format Version 12.00
# Visual Studio 15
VisualStudioVersion = 15.0.28010.0
MinimumVisualStudioVersion = 10.0.40219.1
Project("{FAE04EC0-301F-11D3-BF4B-00C04F79EFBC}") = "Lavspent.BrowserLogger", "Lavspent.BrowserLogger\Lavspent.BrowserLogger.csproj", "{A7832534-6B18-493F-A7B2-AA844008065A}"
EndProject
Global
	GlobalSection(SolutionConfigurationPlatforms) = preSolution
		Debug|Any CPU = Debug|Any CPU
		Release|Any CPU = Release|Any CPU
	EndGlobalSection
	GlobalSection(ProjectConfigurationPlatforms) = postSolution
		{A7832534-6B18-493F-A7B2-AA844008065A}.Debug|Any CPU.ActiveCfg = Debug|Any CPU
		{A7832534-6B18-493F-A7B2-AA844008065A}.Debug|Any CPU.Build.0 = Debug|Any CPU
		{A7832534-6B18-493F-A7B2-AA844008065A}.Release|Any CPU.ActiveCfg = Release|Any CPU
		{A7832534-6B18-493F-A7B2-AA844008065A}.Release|Any CPU.Build.0 = Release|Any CPU
	EndGlobalSection
	GlobalSection(SolutionProperties) = preSolution
		HideSolutionNode = FALSE
	EndGlobalSection
	GlobalSection(ExtensibilityGlobals) = postSolution
		SolutionGuid = {FB67D157-86BC-4FA1-B19A-448C9C8C84D7}
	EndGlobalSection
EndGlobal
