
Microsoft Visual Studio Solution File, Format Version 12.00
# Visual Studio Version 16
VisualStudioVersion = 16.0.29020.237
MinimumVisualStudioVersion = 10.0.40219.1
Project("{9A19103F-16F7-4668-BE54-9A1E7A4F7556}") = "Lavspent.BrowserLogger", "Lavspent.BrowserLogger\Lavspent.BrowserLogger.csproj", "{A7832534-6B18-493F-A7B2-AA844008065A}"
EndProject
Project("{9A19103F-16F7-4668-BE54-9A1E7A4F7556}") = "Lavspent.BrowserLogger.Test", "Lavspent.BrowserLogger.Test\Lavspent.BrowserLogger.Test.csproj", "{4DD9BD2C-395E-43F3-A037-2986EC4D38E6}"
EndProject
Global
	GlobalSection(SolutionConfigurationPlatforms) = preSolution
		Debug|Any CPU = Debug|Any CPU
		Release|Any CPU = Release|Any CPU
	EndGlobalSection
	GlobalSection(ProjectConfigurationPlatforms) = postSolution
		{A7832534-6B18-493F-A7B2-AA844008065A}.Debug|Any CPU.ActiveCfg = Debug|Any CPU
		{A7832534-6B18-493F-A7B2-AA844008065A}.Debug|Any CPU.Build.0 = Debug|Any CPU
		{A7832534-6B18-493F-A7B2-AA844008065A}.Release|Any CPU.ActiveCfg = Release|Any CPU
		{A7832534-6B18-493F-A7B2-AA844008065A}.Release|Any CPU.Build.0 = Release|Any CPU
		{4DD9BD2C-395E-43F3-A037-2986EC4D38E6}.Debug|Any CPU.ActiveCfg = Debug|Any CPU
		{4DD9BD2C-395E-43F3-A037-2986EC4D38E6}.Debug|Any CPU.Build.0 = Debug|Any CPU
		{4DD9BD2C-395E-43F3-A037-2986EC4D38E6}.Release|Any CPU.ActiveCfg = Release|Any CPU
		{4DD9BD2C-395E-43F3-A037-2986EC4D38E6}.Release|Any CPU.Build.0 = Release|Any CPU
	EndGlobalSection
	GlobalSection(SolutionProperties) = preSolution
		HideSolutionNode = FALSE
	EndGlobalSection
	GlobalSection(ExtensibilityGlobals) = postSolution
		SolutionGuid = {FB67D157-86BC-4FA1-B19A-448C9C8C84D7}
	EndGlobalSection
EndGlobal
